
Microsoft Visual Studio Solution File, Format Version 12.00
# Visual Studio Version 16
VisualStudioVersion = 16.0.31105.61
MinimumVisualStudioVersion = 10.0.40219.1
Project("{FAE04EC0-301F-11D3-BF4B-00C04F79EFBC}") = "Tonder", "Tonder.csproj", "{178EE3A5-465E-40F3-A2AF-1B1E256CE639}"
EndProject
Global
	GlobalSection(SolutionConfigurationPlatforms) = preSolution
		Debug|Any CPU = Debug|Any CPU
		Release|Any CPU = Release|Any CPU
	EndGlobalSection
	GlobalSection(ProjectConfigurationPlatforms) = postSolution
		{178EE3A5-465E-40F3-A2AF-1B1E256CE639}.Debug|Any CPU.ActiveCfg = Debug|Any CPU
		{178EE3A5-465E-40F3-A2AF-1B1E256CE639}.Debug|Any CPU.Build.0 = Debug|Any CPU
		{178EE3A5-465E-40F3-A2AF-1B1E256CE639}.Release|Any CPU.ActiveCfg = Release|Any CPU
		{178EE3A5-465E-40F3-A2AF-1B1E256CE639}.Release|Any CPU.Build.0 = Release|Any CPU
	EndGlobalSection
	GlobalSection(SolutionProperties) = preSolution
		HideSolutionNode = FALSE
	EndGlobalSection
	GlobalSection(ExtensibilityGlobals) = postSolution
		SolutionGuid = {97999473-C1E0-46C9-A78D-844B42A4F1BF}
	EndGlobalSection
EndGlobal
